
Microsoft Visual Studio Solution File, Format Version 12.00
# Visual Studio Version 16
VisualStudioVersion = 16.0.32228.343
MinimumVisualStudioVersion = 10.0.40219.1
Project("{FAE04EC0-301F-11D3-BF4B-00C04F79EFBC}") = "FilesWork3", "FilesWork3.csproj", "{A2F6BCC2-DE60-4FDB-870A-C17BADC088B7}"
EndProject
Global
	GlobalSection(SolutionConfigurationPlatforms) = preSolution
		Debug|Any CPU = Debug|Any CPU
		Release|Any CPU = Release|Any CPU
	EndGlobalSection
	GlobalSection(ProjectConfigurationPlatforms) = postSolution
		{A2F6BCC2-DE60-4FDB-870A-C17BADC088B7}.Debug|Any CPU.ActiveCfg = Debug|Any CPU
		{A2F6BCC2-DE60-4FDB-870A-C17BADC088B7}.Debug|Any CPU.Build.0 = Debug|Any CPU
		{A2F6BCC2-DE60-4FDB-870A-C17BADC088B7}.Release|Any CPU.ActiveCfg = Release|Any CPU
		{A2F6BCC2-DE60-4FDB-870A-C17BADC088B7}.Release|Any CPU.Build.0 = Release|Any CPU
	EndGlobalSection
	GlobalSection(SolutionProperties) = preSolution
		HideSolutionNode = FALSE
	EndGlobalSection
	GlobalSection(ExtensibilityGlobals) = postSolution
		SolutionGuid = {39AFD770-B1FC-47C9-8EC9-0088AE2BFAA1}
	EndGlobalSection
EndGlobal
